
Microsoft Visual Studio Solution File, Format Version 12.00
# Visual Studio Version 17
VisualStudioVersion = 17.5.33516.290
MinimumVisualStudioVersion = 10.0.40219.1
Project("{FAE04EC0-301F-11D3-BF4B-00C04F79EFBC}") = "WCF Chat", "WCF Chat.csproj", "{F62B4DFD-A206-40D2-8C3A-A41ACEA2BBC7}"
EndProject
Project("{FAE04EC0-301F-11D3-BF4B-00C04F79EFBC}") = "ChatHost", "..\ChatHost\ChatHost.csproj", "{91C6BFA9-6FDC-42CB-8164-32D1E408E7B1}"
EndProject
Global
	GlobalSection(SolutionConfigurationPlatforms) = preSolution
		Debug|Any CPU = Debug|Any CPU
		Release|Any CPU = Release|Any CPU
	EndGlobalSection
	GlobalSection(ProjectConfigurationPlatforms) = postSolution
		{F62B4DFD-A206-40D2-8C3A-A41ACEA2BBC7}.Debug|Any CPU.ActiveCfg = Debug|Any CPU
		{F62B4DFD-A206-40D2-8C3A-A41ACEA2BBC7}.Debug|Any CPU.Build.0 = Debug|Any CPU
		{F62B4DFD-A206-40D2-8C3A-A41ACEA2BBC7}.Release|Any CPU.ActiveCfg = Release|Any CPU
		{F62B4DFD-A206-40D2-8C3A-A41ACEA2BBC7}.Release|Any CPU.Build.0 = Release|Any CPU
		{91C6BFA9-6FDC-42CB-8164-32D1E408E7B1}.Debug|Any CPU.ActiveCfg = Debug|Any CPU
		{91C6BFA9-6FDC-42CB-8164-32D1E408E7B1}.Debug|Any CPU.Build.0 = Debug|Any CPU
		{91C6BFA9-6FDC-42CB-8164-32D1E408E7B1}.Release|Any CPU.ActiveCfg = Release|Any CPU
		{91C6BFA9-6FDC-42CB-8164-32D1E408E7B1}.Release|Any CPU.Build.0 = Release|Any CPU
	EndGlobalSection
	GlobalSection(SolutionProperties) = preSolution
		HideSolutionNode = FALSE
	EndGlobalSection
	GlobalSection(ExtensibilityGlobals) = postSolution
		SolutionGuid = {710FCD51-A46F-4877-939A-79516C9D3E42}
	EndGlobalSection
EndGlobal
